// !$*UTF8*$!
{
	archiveVersion = 1;
	classes = {
	};
	objectVersion = 77;
	objects = {

/* Begin PBXBuildFile section */
		88599E2A2FD01017007BFA9C /* AppDelegate.swift in Sources */ = {isa = PBXBuildFile; fileRef = 88599E292FD01017007BFA9C /* AppDelegate.swift */; };
		88599E2C2FD01017007BFA9C /* SceneDelegate.swift in Sources */ = {isa = PBXBuildFile; fileRef = 88599E2B2FD01017007BFA9C /* SceneDelegate.swift */; };
		88599E2F2FD01017007BFA9C /* LaunchScreen.storyboard in Resources */ = {isa = PBXBuildFile; fileRef = 88599E2D2FD01017007BFA9C /* LaunchScreen.storyboard */; };
		88599E322FD01017007BFA9C /* Main.storyboard in Resources */ = {isa = PBXBuildFile; fileRef = 88599E302FD01017007BFA9C /* Main.storyboard */; };
		88599E3B2FD01017007BFA9C /* AppDelegate.swift in Sources */ = {isa = PBXBuildFile; fileRef = 88599E3A2FD01017007BFA9C /* AppDelegate.swift */; };
		88599E3E2FD01017007BFA9C /* Main.storyboard in Resources */ = {isa = PBXBuildFile; fileRef = 88599E3C2FD01017007BFA9C /* Main.storyboard */; };
		88599E452FD01017007BFA9C /* FCDownloader Safari Extension.appex in Embed Foundation Extensions */ = {isa = PBXBuildFile; fileRef = 88599E442FD01017007BFA9C /* FCDownloader Safari Extension.appex */; settings = {ATTRIBUTES = (RemoveHeadersOnCopy, ); }; };
		88599E4F2FD01017007BFA9C /* FCDownloader Safari Extension.appex in Embed Foundation Extensions */ = {isa = PBXBuildFile; fileRef = 88599E4E2FD01017007BFA9C /* FCDownloader Safari Extension.appex */; settings = {ATTRIBUTES = (RemoveHeadersOnCopy, ); }; };
		88599E542FD01017007BFA9C /* Main.html in Resources */ = {isa = PBXBuildFile; fileRef = 88599E192FD01017007BFA9C /* Main.html */; };
		88599E552FD01017007BFA9C /* Main.html in Resources */ = {isa = PBXBuildFile; fileRef = 88599E192FD01017007BFA9C /* Main.html */; };
		88599E562FD01017007BFA9C /* Icon.png in Resources */ = {isa = PBXBuildFile; fileRef = 88599E1B2FD01017007BFA9C /* Icon.png */; };
		88599E572FD01017007BFA9C /* Icon.png in Resources */ = {isa = PBXBuildFile; fileRef = 88599E1B2FD01017007BFA9C /* Icon.png */; };
		88599E582FD01017007BFA9C /* Style.css in Resources */ = {isa = PBXBuildFile; fileRef = 88599E1C2FD01017007BFA9C /* Style.css */; };
		88599E592FD01017007BFA9C /* Style.css in Resources */ = {isa = PBXBuildFile; fileRef = 88599E1C2FD01017007BFA9C /* Style.css */; };
		88599E5A2FD01017007BFA9C /* Script.js in Resources */ = {isa = PBXBuildFile; fileRef = 88599E1D2FD01017007BFA9C /* Script.js */; };
		88599E5B2FD01017007BFA9C /* Script.js in Resources */ = {isa = PBXBuildFile; fileRef = 88599E1D2FD01017007BFA9C /* Script.js */; };
		88599E5C2FD01017007BFA9C /* ViewController.swift in Sources */ = {isa = PBXBuildFile; fileRef = 88599E1E2FD01017007BFA9C /* ViewController.swift */; };
		88599E5D2FD01017007BFA9C /* ViewController.swift in Sources */ = {isa = PBXBuildFile; fileRef = 88599E1E2FD01017007BFA9C /* ViewController.swift */; };
		88599E5E2FD01017007BFA9C /* Assets.xcassets in Resources */ = {isa = PBXBuildFile; fileRef = 88599E1F2FD01017007BFA9C /* Assets.xcassets */; };
		88599E5F2FD01017007BFA9C /* Assets.xcassets in Resources */ = {isa = PBXBuildFile; fileRef = 88599E1F2FD01017007BFA9C /* Assets.xcassets */; };
		88599E602FD01017007BFA9C /* SafariWebExtensionHandler.swift in Sources */ = {isa = PBXBuildFile; fileRef = 88599E212FD01017007BFA9C /* SafariWebExtensionHandler.swift */; };
		88599E612FD01017007BFA9C /* SafariWebExtensionHandler.swift in Sources */ = {isa = PBXBuildFile; fileRef = 88599E212FD01017007BFA9C /* SafariWebExtensionHandler.swift */; };
		88599E7B2FD01017007BFA9C /* popup.js in Resources */ = {isa = PBXBuildFile; fileRef = 88599E732FD01017007BFA9C /* popup.js */; };
		88599E7C2FD01017007BFA9C /* background.js in Resources */ = {isa = PBXBuildFile; fileRef = 88599E742FD01017007BFA9C /* background.js */; };
		88599E7D2FD01017007BFA9C /* popup.html in Resources */ = {isa = PBXBuildFile; fileRef = 88599E752FD01017007BFA9C /* popup.html */; };
		88599E7E2FD01017007BFA9C /* README.md in Resources */ = {isa = PBXBuildFile; fileRef = 88599E762FD01017007BFA9C /* README.md */; };
		88599E7F2FD01017007BFA9C /* icons in Resources */ = {isa = PBXBuildFile; fileRef = 88599E772FD01017007BFA9C /* icons */; };
		88599E802FD01017007BFA9C /* manifest.json in Resources */ = {isa = PBXBuildFile; fileRef = 88599E782FD01017007BFA9C /* manifest.json */; };
		88599E812FD01017007BFA9C /* popup.css in Resources */ = {isa = PBXBuildFile; fileRef = 88599E792FD01017007BFA9C /* popup.css */; };
		88599E822FD01017007BFA9C /* content.js in Resources */ = {isa = PBXBuildFile; fileRef = 88599E7A2FD01017007BFA9C /* content.js */; };
		88599E832FD01017007BFA9C /* popup.js in Resources */ = {isa = PBXBuildFile; fileRef = 88599E732FD01017007BFA9C /* popup.js */; };
		88599E842FD01017007BFA9C /* background.js in Resources */ = {isa = PBXBuildFile; fileRef = 88599E742FD01017007BFA9C /* background.js */; };
		88599E852FD01017007BFA9C /* popup.html in Resources */ = {isa = PBXBuildFile; fileRef = 88599E752FD01017007BFA9C /* popup.html */; };
		88599E862FD01017007BFA9C /* README.md in Resources */ = {isa = PBXBuildFile; fileRef = 88599E762FD01017007BFA9C /* README.md */; };
		88599E872FD01017007BFA9C /* icons in Resources */ = {isa = PBXBuildFile; fileRef = 88599E772FD01017007BFA9C /* icons */; };
		88599E882FD01017007BFA9C /* manifest.json in Resources */ = {isa = PBXBuildFile; fileRef = 88599E782FD01017007BFA9C /* manifest.json */; };
		88599E892FD01017007BFA9C /* popup.css in Resources */ = {isa = PBXBuildFile; fileRef = 88599E792FD01017007BFA9C /* popup.css */; };
		88599E8A2FD01017007BFA9C /* content.js in Resources */ = {isa = PBXBuildFile; fileRef = 88599E7A2FD01017007BFA9C /* content.js */; };
/* End PBXBuildFile section */

/* Begin PBXContainerItemProxy section */
		88599E462FD01017007BFA9C /* PBXContainerItemProxy */ = {
			isa = PBXContainerItemProxy;
			containerPortal = 88599E132FD01017007BFA9C /* Project object */;
			proxyType = 1;
			remoteGlobalIDString = 88599E432FD01017007BFA9C;
			remoteInfo = "FCDownloader Safari Extension (iOS)";
		};
		88599E502FD01017007BFA9C /* PBXContainerItemProxy */ = {
			isa = PBXContainerItemProxy;
			containerPortal = 88599E132FD01017007BFA9C /* Project object */;
			proxyType = 1;
			remoteGlobalIDString = 88599E4D2FD01017007BFA9C;
			remoteInfo = "FCDownloader Safari Extension (macOS)";
		};
/* End PBXContainerItemProxy section */

/* Begin PBXCopyFilesBuildPhase section */
		88599E672FD01017007BFA9C /* Embed Foundation Extensions */ = {
			isa = PBXCopyFilesBuildPhase;
			buildActionMask = 2147483647;
			dstPath = "";
			dstSubfolderSpec = 13;
			files = (
				88599E452FD01017007BFA9C /* FCDownloader Safari Extension.appex in Embed Foundation Extensions */,
			);
			name = "Embed Foundation Extensions";
			runOnlyForDeploymentPostprocessing = 0;
		};
		88599E6E2FD01017007BFA9C /* Embed Foundation Extensions */ = {
			isa = PBXCopyFilesBuildPhase;
			buildActionMask = 2147483647;
			dstPath = "";
			dstSubfolderSpec = 13;
			files = (
				88599E4F2FD01017007BFA9C /* FCDownloader Safari Extension.appex in Embed Foundation Extensions */,
			);
			name = "Embed Foundation Extensions";
			runOnlyForDeploymentPostprocessing = 0;
		};
/* End PBXCopyFilesBuildPhase section */

/* Begin PBXFileReference section */
		88599E1A2FD01017007BFA9C /* Base */ = {isa = PBXFileReference; lastKnownFileType = text.html; name = Base; path = Base.lproj/Main.html; sourceTree = "<group>"; };
		88599E1B2FD01017007BFA9C /* Icon.png */ = {isa = PBXFileReference; lastKnownFileType = image.png; path = Icon.png; sourceTree = "<group>"; };
		88599E1C2FD01017007BFA9C /* Style.css */ = {isa = PBXFileReference; lastKnownFileType = text.css; path = Style.css; sourceTree = "<group>"; };
		88599E1D2FD01017007BFA9C /* Script.js */ = {isa = PBXFileReference; lastKnownFileType = sourcecode.javascript; path = Script.js; sourceTree = "<group>"; };
		88599E1E2FD01017007BFA9C /* ViewController.swift */ = {isa = PBXFileReference; lastKnownFileType = sourcecode.swift; path = ViewController.swift; sourceTree = "<group>"; };
		88599E1F2FD01017007BFA9C /* Assets.xcassets */ = {isa = PBXFileReference; lastKnownFileType = folder.assetcatalog; path = Assets.xcassets; sourceTree = "<group>"; };
		88599E212FD01017007BFA9C /* SafariWebExtensionHandler.swift */ = {isa = PBXFileReference; lastKnownFileType = sourcecode.swift; path = SafariWebExtensionHandler.swift; sourceTree = "<group>"; };
		88599E262FD01017007BFA9C /* FCDownloader Safari.app */ = {isa = PBXFileReference; explicitFileType = wrapper.application; includeInIndex = 0; path = "FCDownloader Safari.app"; sourceTree = BUILT_PRODUCTS_DIR; };
		88599E292FD01017007BFA9C /* AppDelegate.swift */ = {isa = PBXFileReference; lastKnownFileType = sourcecode.swift; path = AppDelegate.swift; sourceTree = "<group>"; };
		88599E2B2FD01017007BFA9C /* SceneDelegate.swift */ = {isa = PBXFileReference; lastKnownFileType = sourcecode.swift; path = SceneDelegate.swift; sourceTree = "<group>"; };
		88599E2E2FD01017007BFA9C /* Base */ = {isa = PBXFileReference; lastKnownFileType = file.storyboard; name = Base; path = Base.lproj/LaunchScreen.storyboard; sourceTree = "<group>"; };
		88599E312FD01017007BFA9C /* Base */ = {isa = PBXFileReference; lastKnownFileType = file.storyboard; name = Base; path = Base.lproj/Main.storyboard; sourceTree = "<group>"; };
		88599E332FD01017007BFA9C /* Info.plist */ = {isa = PBXFileReference; lastKnownFileType = text.plist.xml; path = Info.plist; sourceTree = "<group>"; };
		88599E382FD01017007BFA9C /* FCDownloader Safari.app */ = {isa = PBXFileReference; explicitFileType = wrapper.application; includeInIndex = 0; path = "FCDownloader Safari.app"; sourceTree = BUILT_PRODUCTS_DIR; };
		88599E3A2FD01017007BFA9C /* AppDelegate.swift */ = {isa = PBXFileReference; lastKnownFileType = sourcecode.swift; path = AppDelegate.swift; sourceTree = "<group>"; };
		88599E3D2FD01017007BFA9C /* Base */ = {isa = PBXFileReference; lastKnownFileType = file.storyboard; name = Base; path = Base.lproj/Main.storyboard; sourceTree = "<group>"; };
		88599E3F2FD01017007BFA9C /* Info.plist */ = {isa = PBXFileReference; lastKnownFileType = text.plist.xml; path = Info.plist; sourceTree = "<group>"; };
		88599E442FD01017007BFA9C /* FCDownloader Safari Extension.appex */ = {isa = PBXFileReference; explicitFileType = "wrapper.app-extension"; includeInIndex = 0; path = "FCDownloader Safari Extension.appex"; sourceTree = BUILT_PRODUCTS_DIR; };
		88599E492FD01017007BFA9C /* Info.plist */ = {isa = PBXFileReference; lastKnownFileType = text.plist.xml; path = Info.plist; sourceTree = "<group>"; };
		88599E4E2FD01017007BFA9C /* FCDownloader Safari Extension.appex */ = {isa = PBXFileReference; explicitFileType = "wrapper.app-extension"; includeInIndex = 0; path = "FCDownloader Safari Extension.appex"; sourceTree = BUILT_PRODUCTS_DIR; };
		88599E532FD01017007BFA9C /* Info.plist */ = {isa = PBXFileReference; lastKnownFileType = text.plist.xml; path = Info.plist; sourceTree = "<group>"; };
		88599E732FD01017007BFA9C /* popup.js */ = {isa = PBXFileReference; lastKnownFileType = sourcecode.javascript; name = popup.js; path = Resources/popup.js; sourceTree = "<group>"; };
		88599E742FD01017007BFA9C /* background.js */ = {isa = PBXFileReference; lastKnownFileType = sourcecode.javascript; name = background.js; path = Resources/background.js; sourceTree = "<group>"; };
		88599E752FD01017007BFA9C /* popup.html */ = {isa = PBXFileReference; lastKnownFileType = text.html; name = popup.html; path = Resources/popup.html; sourceTree = "<group>"; };
		88599E762FD01017007BFA9C /* README.md */ = {isa = PBXFileReference; lastKnownFileType = net.daringfireball.markdown; name = README.md; path = Resources/README.md; sourceTree = "<group>"; };
		88599E772FD01017007BFA9C /* icons */ = {isa = PBXFileReference; lastKnownFileType = folder; name = icons; path = Resources/icons; sourceTree = "<group>"; };
		88599E782FD01017007BFA9C /* manifest.json */ = {isa = PBXFileReference; lastKnownFileType = text.json; name = manifest.json; path = Resources/manifest.json; sourceTree = "<group>"; };
		88599E792FD01017007BFA9C /* popup.css */ = {isa = PBXFileReference; lastKnownFileType = text.css; name = popup.css; path = Resources/popup.css; sourceTree = "<group>"; };
		88599E7A2FD01017007BFA9C /* content.js */ = {isa = PBXFileReference; lastKnownFileType = sourcecode.javascript; name = content.js; path = Resources/content.js; sourceTree = "<group>"; };
/* End PBXFileReference section */

/* Begin PBXFrameworksBuildPhase section */
		88599E232FD01017007BFA9C /* Frameworks */ = {
			isa = PBXFrameworksBuildPhase;
			buildActionMask = 2147483647;
			files = (
			);
			runOnlyForDeploymentPostprocessing = 0;
		};
		88599E352FD01017007BFA9C /* Frameworks */ = {
			isa = PBXFrameworksBuildPhase;
			buildActionMask = 2147483647;
			files = (
			);
			runOnlyForDeploymentPostprocessing = 0;
		};
		88599E412FD01017007BFA9C /* Frameworks */ = {
			isa = PBXFrameworksBuildPhase;
			buildActionMask = 2147483647;
			files = (
			);
			runOnlyForDeploymentPostprocessing = 0;
		};
		88599E4B2FD01017007BFA9C /* Frameworks */ = {
			isa = PBXFrameworksBuildPhase;
			buildActionMask = 2147483647;
			files = (
			);
			runOnlyForDeploymentPostprocessing = 0;
		};
/* End PBXFrameworksBuildPhase section */

/* Begin PBXGroup section */
		88599E122FD01017007BFA9C = {
			isa = PBXGroup;
			children = (
				88599E172FD01017007BFA9C /* Shared (App) */,
				88599E202FD01017007BFA9C /* Shared (Extension) */,
				88599E282FD01017007BFA9C /* iOS (App) */,
				88599E392FD01017007BFA9C /* macOS (App) */,
				88599E482FD01017007BFA9C /* iOS (Extension) */,
				88599E522FD01017007BFA9C /* macOS (Extension) */,
				88599E272FD01017007BFA9C /* Products */,
			);
			sourceTree = "<group>";
		};
		88599E172FD01017007BFA9C /* Shared (App) */ = {
			isa = PBXGroup;
			children = (
				88599E1E2FD01017007BFA9C /* ViewController.swift */,
				88599E1F2FD01017007BFA9C /* Assets.xcassets */,
				88599E182FD01017007BFA9C /* Resources */,
			);
			path = "Shared (App)";
			sourceTree = "<group>";
		};
		88599E182FD01017007BFA9C /* Resources */ = {
			isa = PBXGroup;
			children = (
				88599E192FD01017007BFA9C /* Main.html */,
				88599E1B2FD01017007BFA9C /* Icon.png */,
				88599E1C2FD01017007BFA9C /* Style.css */,
				88599E1D2FD01017007BFA9C /* Script.js */,
			);
			path = Resources;
			sourceTree = "<group>";
		};
		88599E202FD01017007BFA9C /* Shared (Extension) */ = {
			isa = PBXGroup;
			children = (
				88599E722FD01017007BFA9C /* Resources */,
				88599E212FD01017007BFA9C /* SafariWebExtensionHandler.swift */,
			);
			path = "Shared (Extension)";
			sourceTree = "<group>";
		};
		88599E272FD01017007BFA9C /* Products */ = {
			isa = PBXGroup;
			children = (
				88599E262FD01017007BFA9C /* FCDownloader Safari.app */,
				88599E382FD01017007BFA9C /* FCDownloader Safari.app */,
				88599E442FD01017007BFA9C /* FCDownloader Safari Extension.appex */,
				88599E4E2FD01017007BFA9C /* FCDownloader Safari Extension.appex */,
			);
			name = Products;
			sourceTree = "<group>";
		};
		88599E282FD01017007BFA9C /* iOS (App) */ = {
			isa = PBXGroup;
			children = (
				88599E292FD01017007BFA9C /* AppDelegate.swift */,
				88599E2B2FD01017007BFA9C /* SceneDelegate.swift */,
				88599E2D2FD01017007BFA9C /* LaunchScreen.storyboard */,
				88599E302FD01017007BFA9C /* Main.storyboard */,
				88599E332FD01017007BFA9C /* Info.plist */,
			);
			path = "iOS (App)";
			sourceTree = "<group>";
		};
		88599E392FD01017007BFA9C /* macOS (App) */ = {
			isa = PBXGroup;
			children = (
				88599E3A2FD01017007BFA9C /* AppDelegate.swift */,
				88599E3C2FD01017007BFA9C /* Main.storyboard */,
				88599E3F2FD01017007BFA9C /* Info.plist */,
			);
			path = "macOS (App)";
			sourceTree = "<group>";
		};
		88599E482FD01017007BFA9C /* iOS (Extension) */ = {
			isa = PBXGroup;
			children = (
				88599E492FD01017007BFA9C /* Info.plist */,
			);
			path = "iOS (Extension)";
			sourceTree = "<group>";
		};
		88599E522FD01017007BFA9C /* macOS (Extension) */ = {
			isa = PBXGroup;
			children = (
				88599E532FD01017007BFA9C /* Info.plist */,
			);
			path = "macOS (Extension)";
			sourceTree = "<group>";
		};
		88599E722FD01017007BFA9C /* Resources */ = {
			isa = PBXGroup;
			children = (
				88599E732FD01017007BFA9C /* popup.js */,
				88599E742FD01017007BFA9C /* background.js */,
				88599E752FD01017007BFA9C /* popup.html */,
				88599E762FD01017007BFA9C /* README.md */,
				88599E772FD01017007BFA9C /* icons */,
				88599E782FD01017007BFA9C /* manifest.json */,
				88599E792FD01017007BFA9C /* popup.css */,
				88599E7A2FD01017007BFA9C /* content.js */,
			);
			name = Resources;
			path = "Shared (Extension)";
			sourceTree = SOURCE_ROOT;
		};
/* End PBXGroup section */

/* Begin PBXNativeTarget section */
		88599E252FD01017007BFA9C /* FCDownloader Safari (iOS) */ = {
			isa = PBXNativeTarget;
			buildConfigurationList = 88599E682FD01017007BFA9C /* Build configuration list for PBXNativeTarget "FCDownloader Safari (iOS)" */;
			buildPhases = (
				88599E222FD01017007BFA9C /* Sources */,
				88599E232FD01017007BFA9C /* Frameworks */,
				88599E242FD01017007BFA9C /* Resources */,
				88599E672FD01017007BFA9C /* Embed Foundation Extensions */,
			);
			buildRules = (
			);
			dependencies = (
				88599E472FD01017007BFA9C /* PBXTargetDependency */,
			);
			name = "FCDownloader Safari (iOS)";
			packageProductDependencies = (
			);
			productName = "FCDownloader Safari (iOS)";
			productReference = 88599E262FD01017007BFA9C /* FCDownloader Safari.app */;
			productType = "com.apple.product-type.application";
		};
		88599E372FD01017007BFA9C /* FCDownloader Safari (macOS) */ = {
			isa = PBXNativeTarget;
			buildConfigurationList = 88599E6F2FD01017007BFA9C /* Build configuration list for PBXNativeTarget "FCDownloader Safari (macOS)" */;
			buildPhases = (
				88599E342FD01017007BFA9C /* Sources */,
				88599E352FD01017007BFA9C /* Frameworks */,
				88599E362FD01017007BFA9C /* Resources */,
				88599E6E2FD01017007BFA9C /* Embed Foundation Extensions */,
			);
			buildRules = (
			);
			dependencies = (
				88599E512FD01017007BFA9C /* PBXTargetDependency */,
			);
			name = "FCDownloader Safari (macOS)";
			packageProductDependencies = (
			);
			productName = "FCDownloader Safari (macOS)";
			productReference = 88599E382FD01017007BFA9C /* FCDownloader Safari.app */;
			productType = "com.apple.product-type.application";
		};
		88599E432FD01017007BFA9C /* FCDownloader Safari Extension (iOS) */ = {
			isa = PBXNativeTarget;
			buildConfigurationList = 88599E642FD01017007BFA9C /* Build configuration list for PBXNativeTarget "FCDownloader Safari Extension (iOS)" */;
			buildPhases = (
				88599E402FD01017007BFA9C /* Sources */,
				88599E412FD01017007BFA9C /* Frameworks */,
				88599E422FD01017007BFA9C /* Resources */,
			);
			buildRules = (
			);
			dependencies = (
			);
			name = "FCDownloader Safari Extension (iOS)";
			packageProductDependencies = (
			);
			productName = "FCDownloader Safari Extension (iOS)";
			productReference = 88599E442FD01017007BFA9C /* FCDownloader Safari Extension.appex */;
			productType = "com.apple.product-type.app-extension";
		};
		88599E4D2FD01017007BFA9C /* FCDownloader Safari Extension (macOS) */ = {
			isa = PBXNativeTarget;
			buildConfigurationList = 88599E6B2FD01017007BFA9C /* Build configuration list for PBXNativeTarget "FCDownloader Safari Extension (macOS)" */;
			buildPhases = (
				88599E4A2FD01017007BFA9C /* Sources */,
				88599E4B2FD01017007BFA9C /* Frameworks */,
				88599E4C2FD01017007BFA9C /* Resources */,
			);
			buildRules = (
			);
			dependencies = (
			);
			name = "FCDownloader Safari Extension (macOS)";
			packageProductDependencies = (
			);
			productName = "FCDownloader Safari Extension (macOS)";
			productReference = 88599E4E2FD01017007BFA9C /* FCDownloader Safari Extension.appex */;
			productType = "com.apple.product-type.app-extension";
		};
/* End PBXNativeTarget section */

/* Begin PBXProject section */
		88599E132FD01017007BFA9C /* Project object */ = {
			isa = PBXProject;
			attributes = {
				BuildIndependentTargetsInParallel = 1;
				LastSwiftUpdateCheck = 2650;
				LastUpgradeCheck = 2650;
				TargetAttributes = {
					88599E252FD01017007BFA9C = {
						CreatedOnToolsVersion = 26.5;
					};
					88599E372FD01017007BFA9C = {
						CreatedOnToolsVersion = 26.5;
					};
					88599E432FD01017007BFA9C = {
						CreatedOnToolsVersion = 26.5;
					};
					88599E4D2FD01017007BFA9C = {
						CreatedOnToolsVersion = 26.5;
					};
				};
			};
			buildConfigurationList = 88599E162FD01017007BFA9C /* Build configuration list for PBXProject "FCDownloader Safari" */;
			developmentRegion = en;
			hasScannedForEncodings = 0;
			knownRegions = (
				en,
				Base,
			);
			mainGroup = 88599E122FD01017007BFA9C;
			minimizedProjectReferenceProxies = 1;
			preferredProjectObjectVersion = 77;
			productRefGroup = 88599E272FD01017007BFA9C /* Products */;
			projectDirPath = "";
			projectRoot = "";
			targets = (
				88599E252FD01017007BFA9C /* FCDownloader Safari (iOS) */,
				88599E372FD01017007BFA9C /* FCDownloader Safari (macOS) */,
				88599E432FD01017007BFA9C /* FCDownloader Safari Extension (iOS) */,
				88599E4D2FD01017007BFA9C /* FCDownloader Safari Extension (macOS) */,
			);
		};
/* End PBXProject section */

/* Begin PBXResourcesBuildPhase section */
		88599E242FD01017007BFA9C /* Resources */ = {
			isa = PBXResourcesBuildPhase;
			buildActionMask = 2147483647;
			files = (
				88599E562FD01017007BFA9C /* Icon.png in Resources */,
				88599E2F2FD01017007BFA9C /* LaunchScreen.storyboard in Resources */,
				88599E542FD01017007BFA9C /* Main.html in Resources */,
				88599E5A2FD01017007BFA9C /* Script.js in Resources */,
				88599E5E2FD01017007BFA9C /* Assets.xcassets in Resources */,
				88599E322FD01017007BFA9C /* Main.storyboard in Resources */,
				88599E582FD01017007BFA9C /* Style.css in Resources */,
			);
			runOnlyForDeploymentPostprocessing = 0;
		};
		88599E362FD01017007BFA9C /* Resources */ = {
			isa = PBXResourcesBuildPhase;
			buildActionMask = 2147483647;
			files = (
				88599E572FD01017007BFA9C /* Icon.png in Resources */,
				88599E592FD01017007BFA9C /* Style.css in Resources */,
				88599E3E2FD01017007BFA9C /* Main.storyboard in Resources */,
				88599E5B2FD01017007BFA9C /* Script.js in Resources */,
				88599E5F2FD01017007BFA9C /* Assets.xcassets in Resources */,
				88599E552FD01017007BFA9C /* Main.html in Resources */,
			);
			runOnlyForDeploymentPostprocessing = 0;
		};
		88599E422FD01017007BFA9C /* Resources */ = {
			isa = PBXResourcesBuildPhase;
			buildActionMask = 2147483647;
			files = (
				88599E8A2FD01017007BFA9C /* content.js in Resources */,
				88599E842FD01017007BFA9C /* background.js in Resources */,
				88599E892FD01017007BFA9C /* popup.css in Resources */,
				88599E852FD01017007BFA9C /* popup.html in Resources */,
				88599E862FD01017007BFA9C /* README.md in Resources */,
				88599E872FD01017007BFA9C /* icons in Resources */,
				88599E882FD01017007BFA9C /* manifest.json in Resources */,
				88599E832FD01017007BFA9C /* popup.js in Resources */,
			);
			runOnlyForDeploymentPostprocessing = 0;
		};
		88599E4C2FD01017007BFA9C /* Resources */ = {
			isa = PBXResourcesBuildPhase;
			buildActionMask = 2147483647;
			files = (
				88599E822FD01017007BFA9C /* content.js in Resources */,
				88599E7C2FD01017007BFA9C /* background.js in Resources */,
				88599E812FD01017007BFA9C /* popup.css in Resources */,
				88599E7D2FD01017007BFA9C /* popup.html in Resources */,
				88599E7E2FD01017007BFA9C /* README.md in Resources */,
				88599E7F2FD01017007BFA9C /* icons in Resources */,
				88599E802FD01017007BFA9C /* manifest.json in Resources */,
				88599E7B2FD01017007BFA9C /* popup.js in Resources */,
			);
			runOnlyForDeploymentPostprocessing = 0;
		};
/* End PBXResourcesBuildPhase section */

/* Begin PBXSourcesBuildPhase section */
		88599E222FD01017007BFA9C /* Sources */ = {
			isa = PBXSourcesBuildPhase;
			buildActionMask = 2147483647;
			files = (
				88599E5C2FD01017007BFA9C /* ViewController.swift in Sources */,
				88599E2A2FD01017007BFA9C /* AppDelegate.swift in Sources */,
				88599E2C2FD01017007BFA9C /* SceneDelegate.swift in Sources */,
			);
			runOnlyForDeploymentPostprocessing = 0;
		};
		88599E342FD01017007BFA9C /* Sources */ = {
			isa = PBXSourcesBuildPhase;
			buildActionMask = 2147483647;
			files = (
				88599E5D2FD01017007BFA9C /* ViewController.swift in Sources */,
				88599E3B2FD01017007BFA9C /* AppDelegate.swift in Sources */,
			);
			runOnlyForDeploymentPostprocessing = 0;
		};
		88599E402FD01017007BFA9C /* Sources */ = {
			isa = PBXSourcesBuildPhase;
			buildActionMask = 2147483647;
			files = (
				88599E602FD01017007BFA9C /* SafariWebExtensionHandler.swift in Sources */,
			);
			runOnlyForDeploymentPostprocessing = 0;
		};
		88599E4A2FD01017007BFA9C /* Sources */ = {
			isa = PBXSourcesBuildPhase;
			buildActionMask = 2147483647;
			files = (
				88599E612FD01017007BFA9C /* SafariWebExtensionHandler.swift in Sources */,
			);
			runOnlyForDeploymentPostprocessing = 0;
		};
/* End PBXSourcesBuildPhase section */

/* Begin PBXTargetDependency section */
		88599E472FD01017007BFA9C /* PBXTargetDependency */ = {
			isa = PBXTargetDependency;
			target = 88599E432FD01017007BFA9C /* FCDownloader Safari Extension (iOS) */;
			targetProxy = 88599E462FD01017007BFA9C /* PBXContainerItemProxy */;
		};
		88599E512FD01017007BFA9C /* PBXTargetDependency */ = {
			isa = PBXTargetDependency;
			target = 88599E4D2FD01017007BFA9C /* FCDownloader Safari Extension (macOS) */;
			targetProxy = 88599E502FD01017007BFA9C /* PBXContainerItemProxy */;
		};
/* End PBXTargetDependency section */

/* Begin PBXVariantGroup section */
		88599E192FD01017007BFA9C /* Main.html */ = {
			isa = PBXVariantGroup;
			children = (
				88599E1A2FD01017007BFA9C /* Base */,
			);
			name = Main.html;
			sourceTree = "<group>";
		};
		88599E2D2FD01017007BFA9C /* LaunchScreen.storyboard */ = {
			isa = PBXVariantGroup;
			children = (
				88599E2E2FD01017007BFA9C /* Base */,
			);
			name = LaunchScreen.storyboard;
			sourceTree = "<group>";
		};
		88599E302FD01017007BFA9C /* Main.storyboard */ = {
			isa = PBXVariantGroup;
			children = (
				88599E312FD01017007BFA9C /* Base */,
			);
			name = Main.storyboard;
			sourceTree = "<group>";
		};
		88599E3C2FD01017007BFA9C /* Main.storyboard */ = {
			isa = PBXVariantGroup;
			children = (
				88599E3D2FD01017007BFA9C /* Base */,
			);
			name = Main.storyboard;
			sourceTree = "<group>";
		};
/* End PBXVariantGroup section */

/* Begin XCBuildConfiguration section */
		88599E622FD01017007BFA9C /* Debug */ = {
			isa = XCBuildConfiguration;
			buildSettings = {
				ALWAYS_SEARCH_USER_PATHS = NO;
				ASSETCATALOG_COMPILER_GENERATE_SWIFT_ASSET_SYMBOL_EXTENSIONS = YES;
				CLANG_ANALYZER_NONNULL = YES;
				CLANG_ANALYZER_NUMBER_OBJECT_CONVERSION = YES_AGGRESSIVE;
				CLANG_CXX_LANGUAGE_STANDARD = "gnu++20";
				CLANG_ENABLE_MODULES = YES;
				CLANG_ENABLE_OBJC_ARC = YES;
				CLANG_ENABLE_OBJC_WEAK = YES;
				CLANG_WARN_BLOCK_CAPTURE_AUTORELEASING = YES;
				CLANG_WARN_BOOL_CONVERSION = YES;
				CLANG_WARN_COMMA = YES;
				CLANG_WARN_CONSTANT_CONVERSION = YES;
				CLANG_WARN_DEPRECATED_OBJC_IMPLEMENTATIONS = YES;
				CLANG_WARN_DIRECT_OBJC_ISA_USAGE = YES_ERROR;
				CLANG_WARN_DOCUMENTATION_COMMENTS = YES;
				CLANG_WARN_EMPTY_BODY = YES;
				CLANG_WARN_ENUM_CONVERSION = YES;
				CLANG_WARN_INFINITE_RECURSION = YES;
				CLANG_WARN_INT_CONVERSION = YES;
				CLANG_WARN_NON_LITERAL_NULL_CONVERSION = YES;
				CLANG_WARN_OBJC_IMPLICIT_RETAIN_SELF = YES;
				CLANG_WARN_OBJC_LITERAL_CONVERSION = YES;
				CLANG_WARN_OBJC_ROOT_CLASS = YES_ERROR;
				CLANG_WARN_QUOTED_INCLUDE_IN_FRAMEWORK_HEADER = YES;
				CLANG_WARN_RANGE_LOOP_ANALYSIS = YES;
				CLANG_WARN_STRICT_PROTOTYPES = YES;
				CLANG_WARN_SUSPICIOUS_MOVE = YES;
				CLANG_WARN_UNGUARDED_AVAILABILITY = YES_AGGRESSIVE;
				CLANG_WARN_UNREACHABLE_CODE = YES;
				CLANG_WARN__DUPLICATE_METHOD_MATCH = YES;
				COPY_PHASE_STRIP = NO;
				DEBUG_INFORMATION_FORMAT = dwarf;
				ENABLE_STRICT_OBJC_MSGSEND = YES;
				ENABLE_TESTABILITY = YES;
				ENABLE_USER_SCRIPT_SANDBOXING = YES;
				GCC_C_LANGUAGE_STANDARD = gnu17;
				GCC_DYNAMIC_NO_PIC = NO;
				GCC_NO_COMMON_BLOCKS = YES;
				GCC_OPTIMIZATION_LEVEL = 0;
				GCC_PREPROCESSOR_DEFINITIONS = (
					"DEBUG=1",
					"$(inherited)",
				);
				GCC_WARN_64_TO_32_BIT_CONVERSION = YES;
				GCC_WARN_ABOUT_RETURN_TYPE = YES_ERROR;
				GCC_WARN_UNDECLARED_SELECTOR = YES;
				GCC_WARN_UNINITIALIZED_AUTOS = YES_AGGRESSIVE;
				GCC_WARN_UNUSED_FUNCTION = YES;
				GCC_WARN_UNUSED_VARIABLE = YES;
				LOCALIZATION_PREFERS_STRING_CATALOGS = YES;
				MTL_ENABLE_DEBUG_INFO = INCLUDE_SOURCE;
				MTL_FAST_MATH = YES;
				ONLY_ACTIVE_ARCH = YES;
				SWIFT_ACTIVE_COMPILATION_CONDITIONS = "DEBUG $(inherited)";
				SWIFT_OPTIMIZATION_LEVEL = "-Onone";
			};
			name = Debug;
		};
		88599E632FD01017007BFA9C /* Release */ = {
			isa = XCBuildConfiguration;
			buildSettings = {
				ALWAYS_SEARCH_USER_PATHS = NO;
				ASSETCATALOG_COMPILER_GENERATE_SWIFT_ASSET_SYMBOL_EXTENSIONS = YES;
				CLANG_ANALYZER_NONNULL = YES;
				CLANG_ANALYZER_NUMBER_OBJECT_CONVERSION = YES_AGGRESSIVE;
				CLANG_CXX_LANGUAGE_STANDARD = "gnu++20";
				CLANG_ENABLE_MODULES = YES;
				CLANG_ENABLE_OBJC_ARC = YES;
				CLANG_ENABLE_OBJC_WEAK = YES;
				CLANG_WARN_BLOCK_CAPTURE_AUTORELEASING = YES;
				CLANG_WARN_BOOL_CONVERSION = YES;
				CLANG_WARN_COMMA = YES;
				CLANG_WARN_CONSTANT_CONVERSION = YES;
				CLANG_WARN_DEPRECATED_OBJC_IMPLEMENTATIONS = YES;
				CLANG_WARN_DIRECT_OBJC_ISA_USAGE = YES_ERROR;
				CLANG_WARN_DOCUMENTATION_COMMENTS = YES;
				CLANG_WARN_EMPTY_BODY = YES;
				CLANG_WARN_ENUM_CONVERSION = YES;
				CLANG_WARN_INFINITE_RECURSION = YES;
				CLANG_WARN_INT_CONVERSION = YES;
				CLANG_WARN_NON_LITERAL_NULL_CONVERSION = YES;
				CLANG_WARN_OBJC_IMPLICIT_RETAIN_SELF = YES;
				CLANG_WARN_OBJC_LITERAL_CONVERSION = YES;
				CLANG_WARN_OBJC_ROOT_CLASS = YES_ERROR;
				CLANG_WARN_QUOTED_INCLUDE_IN_FRAMEWORK_HEADER = YES;
				CLANG_WARN_RANGE_LOOP_ANALYSIS = YES;
				CLANG_WARN_STRICT_PROTOTYPES = YES;
				CLANG_WARN_SUSPICIOUS_MOVE = YES;
				CLANG_WARN_UNGUARDED_AVAILABILITY = YES_AGGRESSIVE;
				CLANG_WARN_UNREACHABLE_CODE = YES;
				CLANG_WARN__DUPLICATE_METHOD_MATCH = YES;
				COPY_PHASE_STRIP = NO;
				DEBUG_INFORMATION_FORMAT = "dwarf-with-dsym";
				ENABLE_NS_ASSERTIONS = NO;
				ENABLE_STRICT_OBJC_MSGSEND = YES;
				ENABLE_USER_SCRIPT_SANDBOXING = YES;
				GCC_C_LANGUAGE_STANDARD = gnu17;
				GCC_NO_COMMON_BLOCKS = YES;
				GCC_WARN_64_TO_32_BIT_CONVERSION = YES;
				GCC_WARN_ABOUT_RETURN_TYPE = YES_ERROR;
				GCC_WARN_UNDECLARED_SELECTOR = YES;
				GCC_WARN_UNINITIALIZED_AUTOS = YES_AGGRESSIVE;
				GCC_WARN_UNUSED_FUNCTION = YES;
				GCC_WARN_UNUSED_VARIABLE = YES;
				LOCALIZATION_PREFERS_STRING_CATALOGS = YES;
				MTL_ENABLE_DEBUG_INFO = NO;
				MTL_FAST_MATH = YES;
				SWIFT_COMPILATION_MODE = wholemodule;
			};
			name = Release;
		};
		88599E652FD01017007BFA9C /* Debug */ = {
			isa = XCBuildConfiguration;
			buildSettings = {
				CODE_SIGN_STYLE = Automatic;
				CURRENT_PROJECT_VERSION = 1;
				GENERATE_INFOPLIST_FILE = YES;
				INFOPLIST_FILE = "iOS (Extension)/Info.plist";
				INFOPLIST_KEY_CFBundleDisplayName = "FCDownloader Safari Extension";
				INFOPLIST_KEY_NSHumanReadableCopyright = "";
				IPHONEOS_DEPLOYMENT_TARGET = 15.0;
				LD_RUNPATH_SEARCH_PATHS = (
					"$(inherited)",
					"@executable_path/Frameworks",
					"@executable_path/../../Frameworks",
				);
				MARKETING_VERSION = 1.0;
				OTHER_LDFLAGS = (
					"-framework",
					SafariServices,
				);
				PRODUCT_BUNDLE_IDENTIFIER = com.mabisuuu.fcdownloader.safari.Extension;
				PRODUCT_NAME = "FCDownloader Safari Extension";
				SDKROOT = iphoneos;
				SKIP_INSTALL = YES;
				STRING_CATALOG_GENERATE_SYMBOLS = YES;
				SWIFT_APPROACHABLE_CONCURRENCY = YES;
				SWIFT_EMIT_LOC_STRINGS = YES;
				SWIFT_UPCOMING_FEATURE_MEMBER_IMPORT_VISIBILITY = YES;
				SWIFT_VERSION = 5.0;
				TARGETED_DEVICE_FAMILY = "1,2";
			};
			name = Debug;
		};
		88599E662FD01017007BFA9C /* Release */ = {
			isa = XCBuildConfiguration;
			buildSettings = {
				CODE_SIGN_STYLE = Automatic;
				CURRENT_PROJECT_VERSION = 1;
				GENERATE_INFOPLIST_FILE = YES;
				INFOPLIST_FILE = "iOS (Extension)/Info.plist";
				INFOPLIST_KEY_CFBundleDisplayName = "FCDownloader Safari Extension";
				INFOPLIST_KEY_NSHumanReadableCopyright = "";
				IPHONEOS_DEPLOYMENT_TARGET = 15.0;
				LD_RUNPATH_SEARCH_PATHS = (
					"$(inherited)",
					"@executable_path/Frameworks",
					"@executable_path/../../Frameworks",
				);
				MARKETING_VERSION = 1.0;
				OTHER_LDFLAGS = (
					"-framework",
					SafariServices,
				);
				PRODUCT_BUNDLE_IDENTIFIER = com.mabisuuu.fcdownloader.safari.Extension;
				PRODUCT_NAME = "FCDownloader Safari Extension";
				SDKROOT = iphoneos;
				SKIP_INSTALL = YES;
				STRING_CATALOG_GENERATE_SYMBOLS = YES;
				SWIFT_APPROACHABLE_CONCURRENCY = YES;
				SWIFT_EMIT_LOC_STRINGS = YES;
				SWIFT_UPCOMING_FEATURE_MEMBER_IMPORT_VISIBILITY = YES;
				SWIFT_VERSION = 5.0;
				TARGETED_DEVICE_FAMILY = "1,2";
				VALIDATE_PRODUCT = YES;
			};
			name = Release;
		};
		88599E692FD01017007BFA9C /* Debug */ = {
			isa = XCBuildConfiguration;
			buildSettings = {
				ASSETCATALOG_COMPILER_APPICON_NAME = AppIcon;
				ASSETCATALOG_COMPILER_GLOBAL_ACCENT_COLOR_NAME = AccentColor;
				CODE_SIGN_STYLE = Automatic;
				CURRENT_PROJECT_VERSION = 1;
				GENERATE_INFOPLIST_FILE = YES;
				INFOPLIST_FILE = "iOS (App)/Info.plist";
				INFOPLIST_KEY_CFBundleDisplayName = "FCDownloader Safari";
				INFOPLIST_KEY_UIApplicationSupportsIndirectInputEvents = YES;
				INFOPLIST_KEY_UILaunchStoryboardName = LaunchScreen;
				INFOPLIST_KEY_UIMainStoryboardFile = Main;
				INFOPLIST_KEY_UISupportedInterfaceOrientations = "UIInterfaceOrientationPortrait UIInterfaceOrientationLandscapeLeft UIInterfaceOrientationLandscapeRight";
				INFOPLIST_KEY_UISupportedInterfaceOrientations_iPad = "UIInterfaceOrientationPortrait UIInterfaceOrientationPortraitUpsideDown UIInterfaceOrientationLandscapeLeft UIInterfaceOrientationLandscapeRight";
				IPHONEOS_DEPLOYMENT_TARGET = 15.0;
				LD_RUNPATH_SEARCH_PATHS = (
					"$(inherited)",
					"@executable_path/Frameworks",
				);
				MARKETING_VERSION = 1.0;
				OTHER_LDFLAGS = (
					"-framework",
					SafariServices,
					"-framework",
					WebKit,
				);
				PRODUCT_BUNDLE_IDENTIFIER = com.mabisuuu.fcdownloader.safari;
				PRODUCT_NAME = "FCDownloader Safari";
				SDKROOT = iphoneos;
				STRING_CATALOG_GENERATE_SYMBOLS = YES;
				SWIFT_APPROACHABLE_CONCURRENCY = YES;
				SWIFT_DEFAULT_ACTOR_ISOLATION = MainActor;
				SWIFT_EMIT_LOC_STRINGS = YES;
				SWIFT_UPCOMING_FEATURE_MEMBER_IMPORT_VISIBILITY = YES;
				SWIFT_VERSION = 5.0;
				TARGETED_DEVICE_FAMILY = "1,2";
			};
			name = Debug;
		};
		88599E6A2FD01017007BFA9C /* Release */ = {
			isa = XCBuildConfiguration;
			buildSettings = {
				ASSETCATALOG_COMPILER_APPICON_NAME = AppIcon;
				ASSETCATALOG_COMPILER_GLOBAL_ACCENT_COLOR_NAME = AccentColor;
				CODE_SIGN_STYLE = Automatic;
				CURRENT_PROJECT_VERSION = 1;
				GENERATE_INFOPLIST_FILE = YES;
				INFOPLIST_FILE = "iOS (App)/Info.plist";
				INFOPLIST_KEY_CFBundleDisplayName = "FCDownloader Safari";
				INFOPLIST_KEY_UIApplicationSupportsIndirectInputEvents = YES;
				INFOPLIST_KEY_UILaunchStoryboardName = LaunchScreen;
				INFOPLIST_KEY_UIMainStoryboardFile = Main;
				INFOPLIST_KEY_UISupportedInterfaceOrientations = "UIInterfaceOrientationPortrait UIInterfaceOrientationLandscapeLeft UIInterfaceOrientationLandscapeRight";
				INFOPLIST_KEY_UISupportedInterfaceOrientations_iPad = "UIInterfaceOrientationPortrait UIInterfaceOrientationPortraitUpsideDown UIInterfaceOrientationLandscapeLeft UIInterfaceOrientationLandscapeRight";
				IPHONEOS_DEPLOYMENT_TARGET = 15.0;
				LD_RUNPATH_SEARCH_PATHS = (
					"$(inherited)",
					"@executable_path/Frameworks",
				);
				MARKETING_VERSION = 1.0;
				OTHER_LDFLAGS = (
					"-framework",
					SafariServices,
					"-framework",
					WebKit,
				);
				PRODUCT_BUNDLE_IDENTIFIER = com.mabisuuu.fcdownloader.safari;
				PRODUCT_NAME = "FCDownloader Safari";
				SDKROOT = iphoneos;
				STRING_CATALOG_GENERATE_SYMBOLS = YES;
				SWIFT_APPROACHABLE_CONCURRENCY = YES;
				SWIFT_DEFAULT_ACTOR_ISOLATION = MainActor;
				SWIFT_EMIT_LOC_STRINGS = YES;
				SWIFT_UPCOMING_FEATURE_MEMBER_IMPORT_VISIBILITY = YES;
				SWIFT_VERSION = 5.0;
				TARGETED_DEVICE_FAMILY = "1,2";
				VALIDATE_PRODUCT = YES;
			};
			name = Release;
		};
		88599E6C2FD01017007BFA9C /* Debug */ = {
			isa = XCBuildConfiguration;
			buildSettings = {
				CODE_SIGN_STYLE = Automatic;
				CURRENT_PROJECT_VERSION = 1;
				ENABLE_APP_SANDBOX = YES;
				ENABLE_HARDENED_RUNTIME = YES;
				ENABLE_USER_SELECTED_FILES = readonly;
				GENERATE_INFOPLIST_FILE = YES;
				INFOPLIST_FILE = "macOS (Extension)/Info.plist";
				INFOPLIST_KEY_CFBundleDisplayName = "FCDownloader Safari Extension";
				INFOPLIST_KEY_NSHumanReadableCopyright = "";
				LD_RUNPATH_SEARCH_PATHS = (
					"$(inherited)",
					"@executable_path/../Frameworks",
					"@executable_path/../../../../Frameworks",
				);
				MACOSX_DEPLOYMENT_TARGET = 10.14;
				MARKETING_VERSION = 1.0;
				OTHER_LDFLAGS = (
					"-framework",
					SafariServices,
				);
				PRODUCT_BUNDLE_IDENTIFIER = com.mabisuuu.fcdownloader.safari.Extension;
				PRODUCT_NAME = "FCDownloader Safari Extension";
				SDKROOT = macosx;
				SKIP_INSTALL = YES;
				STRING_CATALOG_GENERATE_SYMBOLS = YES;
				SWIFT_APPROACHABLE_CONCURRENCY = YES;
				SWIFT_EMIT_LOC_STRINGS = YES;
				SWIFT_UPCOMING_FEATURE_MEMBER_IMPORT_VISIBILITY = YES;
				SWIFT_VERSION = 5.0;
			};
			name = Debug;
		};
		88599E6D2FD01017007BFA9C /* Release */ = {
			isa = XCBuildConfiguration;
			buildSettings = {
				CODE_SIGN_STYLE = Automatic;
				CURRENT_PROJECT_VERSION = 1;
				ENABLE_APP_SANDBOX = YES;
				ENABLE_HARDENED_RUNTIME = YES;
				ENABLE_USER_SELECTED_FILES = readonly;
				GENERATE_INFOPLIST_FILE = YES;
				INFOPLIST_FILE = "macOS (Extension)/Info.plist";
				INFOPLIST_KEY_CFBundleDisplayName = "FCDownloader Safari Extension";
				INFOPLIST_KEY_NSHumanReadableCopyright = "";
				LD_RUNPATH_SEARCH_PATHS = (
					"$(inherited)",
					"@executable_path/../Frameworks",
					"@executable_path/../../../../Frameworks",
				);
				MACOSX_DEPLOYMENT_TARGET = 10.14;
				MARKETING_VERSION = 1.0;
				OTHER_LDFLAGS = (
					"-framework",
					SafariServices,
				);
				PRODUCT_BUNDLE_IDENTIFIER = com.mabisuuu.fcdownloader.safari.Extension;
				PRODUCT_NAME = "FCDownloader Safari Extension";
				SDKROOT = macosx;
				SKIP_INSTALL = YES;
				STRING_CATALOG_GENERATE_SYMBOLS = YES;
				SWIFT_APPROACHABLE_CONCURRENCY = YES;
				SWIFT_EMIT_LOC_STRINGS = YES;
				SWIFT_UPCOMING_FEATURE_MEMBER_IMPORT_VISIBILITY = YES;
				SWIFT_VERSION = 5.0;
			};
			name = Release;
		};
		88599E702FD01017007BFA9C /* Debug */ = {
			isa = XCBuildConfiguration;
			buildSettings = {
				ASSETCATALOG_COMPILER_APPICON_NAME = AppIcon;
				ASSETCATALOG_COMPILER_GLOBAL_ACCENT_COLOR_NAME = AccentColor;
				CODE_SIGN_STYLE = Automatic;
				CURRENT_PROJECT_VERSION = 1;
				ENABLE_APP_SANDBOX = YES;
				ENABLE_HARDENED_RUNTIME = YES;
				ENABLE_OUTGOING_NETWORK_CONNECTIONS = YES;
				ENABLE_USER_SELECTED_FILES = readonly;
				GENERATE_INFOPLIST_FILE = YES;
				INFOPLIST_FILE = "macOS (App)/Info.plist";
				INFOPLIST_KEY_CFBundleDisplayName = "FCDownloader Safari";
				INFOPLIST_KEY_NSMainStoryboardFile = Main;
				INFOPLIST_KEY_NSPrincipalClass = NSApplication;
				LD_RUNPATH_SEARCH_PATHS = (
					"$(inherited)",
					"@executable_path/../Frameworks",
				);
				MACOSX_DEPLOYMENT_TARGET = 10.14;
				MARKETING_VERSION = 1.0;
				OTHER_LDFLAGS = (
					"-framework",
					SafariServices,
					"-framework",
					WebKit,
				);
				PRODUCT_BUNDLE_IDENTIFIER = com.mabisuuu.fcdownloader.safari;
				PRODUCT_NAME = "FCDownloader Safari";
				REGISTER_APP_GROUPS = YES;
				SDKROOT = macosx;
				STRING_CATALOG_GENERATE_SYMBOLS = YES;
				SWIFT_APPROACHABLE_CONCURRENCY = YES;
				SWIFT_DEFAULT_ACTOR_ISOLATION = MainActor;
				SWIFT_EMIT_LOC_STRINGS = YES;
				SWIFT_UPCOMING_FEATURE_MEMBER_IMPORT_VISIBILITY = YES;
				SWIFT_VERSION = 5.0;
			};
			name = Debug;
		};
		88599E712FD01017007BFA9C /* Release */ = {
			isa = XCBuildConfiguration;
			buildSettings = {
				ASSETCATALOG_COMPILER_APPICON_NAME = AppIcon;
				ASSETCATALOG_COMPILER_GLOBAL_ACCENT_COLOR_NAME = AccentColor;
				CODE_SIGN_STYLE = Automatic;
				CURRENT_PROJECT_VERSION = 1;
				ENABLE_APP_SANDBOX = YES;
				ENABLE_HARDENED_RUNTIME = YES;
				ENABLE_OUTGOING_NETWORK_CONNECTIONS = YES;
				ENABLE_USER_SELECTED_FILES = readonly;
				GENERATE_INFOPLIST_FILE = YES;
				INFOPLIST_FILE = "macOS (App)/Info.plist";
				INFOPLIST_KEY_CFBundleDisplayName = "FCDownloader Safari";
				INFOPLIST_KEY_NSMainStoryboardFile = Main;
				INFOPLIST_KEY_NSPrincipalClass = NSApplication;
				LD_RUNPATH_SEARCH_PATHS = (
					"$(inherited)",
					"@executable_path/../Frameworks",
				);
				MACOSX_DEPLOYMENT_TARGET = 10.14;
				MARKETING_VERSION = 1.0;
				OTHER_LDFLAGS = (
					"-framework",
					SafariServices,
					"-framework",
					WebKit,
				);
				PRODUCT_BUNDLE_IDENTIFIER = com.mabisuuu.fcdownloader.safari;
				PRODUCT_NAME = "FCDownloader Safari";
				REGISTER_APP_GROUPS = YES;
				SDKROOT = macosx;
				STRING_CATALOG_GENERATE_SYMBOLS = YES;
				SWIFT_APPROACHABLE_CONCURRENCY = YES;
				SWIFT_DEFAULT_ACTOR_ISOLATION = MainActor;
				SWIFT_EMIT_LOC_STRINGS = YES;
				SWIFT_UPCOMING_FEATURE_MEMBER_IMPORT_VISIBILITY = YES;
				SWIFT_VERSION = 5.0;
			};
			name = Release;
		};
/* End XCBuildConfiguration section */

/* Begin XCConfigurationList section */
		88599E162FD01017007BFA9C /* Build configuration list for PBXProject "FCDownloader Safari" */ = {
			isa = XCConfigurationList;
			buildConfigurations = (
				88599E622FD01017007BFA9C /* Debug */,
				88599E632FD01017007BFA9C /* Release */,
			);
			defaultConfigurationIsVisible = 0;
			defaultConfigurationName = Release;
		};
		88599E642FD01017007BFA9C /* Build configuration list for PBXNativeTarget "FCDownloader Safari Extension (iOS)" */ = {
			isa = XCConfigurationList;
			buildConfigurations = (
				88599E652FD01017007BFA9C /* Debug */,
				88599E662FD01017007BFA9C /* Release */,
			);
			defaultConfigurationIsVisible = 0;
			defaultConfigurationName = Release;
		};
		88599E682FD01017007BFA9C /* Build configuration list for PBXNativeTarget "FCDownloader Safari (iOS)" */ = {
			isa = XCConfigurationList;
			buildConfigurations = (
				88599E692FD01017007BFA9C /* Debug */,
				88599E6A2FD01017007BFA9C /* Release */,
			);
			defaultConfigurationIsVisible = 0;
			defaultConfigurationName = Release;
		};
		88599E6B2FD01017007BFA9C /* Build configuration list for PBXNativeTarget "FCDownloader Safari Extension (macOS)" */ = {
			isa = XCConfigurationList;
			buildConfigurations = (
				88599E6C2FD01017007BFA9C /* Debug */,
				88599E6D2FD01017007BFA9C /* Release */,
			);
			defaultConfigurationIsVisible = 0;
			defaultConfigurationName = Release;
		};
		88599E6F2FD01017007BFA9C /* Build configuration list for PBXNativeTarget "FCDownloader Safari (macOS)" */ = {
			isa = XCConfigurationList;
			buildConfigurations = (
				88599E702FD01017007BFA9C /* Debug */,
				88599E712FD01017007BFA9C /* Release */,
			);
			defaultConfigurationIsVisible = 0;
			defaultConfigurationName = Release;
		};
/* End XCConfigurationList section */
	};
	rootObject = 88599E132FD01017007BFA9C /* Project object */;
}
